
Microsoft Visual Studio Solution File, Format Version 12.00
# Visual Studio Version 17
VisualStudioVersion = 17.2.32602.215
MinimumVisualStudioVersion = 10.0.40219.1
Project("{FAE04EC0-301F-11D3-BF4B-00C04F79EFBC}") = "ChapterApi", "ChapterApi\ChapterApi.csproj", "{C3179455-24F6-4254-8629-FA6B2040C5CE}"
EndProject
Global
	GlobalSection(SolutionConfigurationPlatforms) = preSolution
		Debug|Any CPU = Debug|Any CPU
		Release|Any CPU = Release|Any CPU
	EndGlobalSection
	GlobalSection(ProjectConfigurationPlatforms) = postSolution
		{C3179455-24F6-4254-8629-FA6B2040C5CE}.Debug|Any CPU.ActiveCfg = Debug|Any CPU
		{C3179455-24F6-4254-8629-FA6B2040C5CE}.Debug|Any CPU.Build.0 = Debug|Any CPU
		{C3179455-24F6-4254-8629-FA6B2040C5CE}.Release|Any CPU.ActiveCfg = Release|Any CPU
		{C3179455-24F6-4254-8629-FA6B2040C5CE}.Release|Any CPU.Build.0 = Release|Any CPU
	EndGlobalSection
	GlobalSection(SolutionProperties) = preSolution
		HideSolutionNode = FALSE
	EndGlobalSection
	GlobalSection(ExtensibilityGlobals) = postSolution
		SolutionGuid = {5EA111F3-4CB0-4A77-9707-881ABE667647}
	EndGlobalSection
EndGlobal
